// !$*UTF8*$!
{
	archiveVersion = 1;
	classes = {
	};
	objectVersion = 55;
	objects = {

/* Begin PBXBuildFile section */
		C864FE1C2789440A0005E2F4 /* LessonScoreView.swift in Sources */ = {isa = PBXBuildFile; fileRef = C864FE1B2789440A0005E2F4 /* LessonScoreView.swift */; };
		C864FE1E278944560005E2F4 /* www in Resources */ = {isa = PBXBuildFile; fileRef = C864FE1D278944560005E2F4 /* www */; };
		C864FE20278944C60005E2F4 /* ViewModel.swift in Sources */ = {isa = PBXBuildFile; fileRef = C864FE1F278944C60005E2F4 /* ViewModel.swift */; };
		C864FE22278944F90005E2F4 /* WebView.swift in Sources */ = {isa = PBXBuildFile; fileRef = C864FE21278944F90005E2F4 /* WebView.swift */; };
		C864FE2627898DA60005E2F4 /* HTMLStringView.swift in Sources */ = {isa = PBXBuildFile; fileRef = C864FE2527898DA60005E2F4 /* HTMLStringView.swift */; };
		C864FE2827898DD60005E2F4 /* LessonTextView.swift in Sources */ = {isa = PBXBuildFile; fileRef = C864FE2727898DD60005E2F4 /* LessonTextView.swift */; };
		C8DD4FCD2784822D0099BB55 /* SWScoreViewerSandboxApp.swift in Sources */ = {isa = PBXBuildFile; fileRef = C8DD4FCC2784822D0099BB55 /* SWScoreViewerSandboxApp.swift */; };
		C8DD4FCF2784822D0099BB55 /* ContentView.swift in Sources */ = {isa = PBXBuildFile; fileRef = C8DD4FCE2784822D0099BB55 /* ContentView.swift */; };
		C8DD4FD12784822E0099BB55 /* Assets.xcassets in Resources */ = {isa = PBXBuildFile; fileRef = C8DD4FD02784822E0099BB55 /* Assets.xcassets */; };
		C8DD4FD42784822E0099BB55 /* Preview Assets.xcassets in Resources */ = {isa = PBXBuildFile; fileRef = C8DD4FD32784822E0099BB55 /* Preview Assets.xcassets */; };
		C8DD4FDB2785BFD90099BB55 /* LessonView.swift in Sources */ = {isa = PBXBuildFile; fileRef = C8DD4FDA2785BFD90099BB55 /* LessonView.swift */; };
		C8DD4FDD2785C02C0099BB55 /* NavigationGuideView.swift in Sources */ = {isa = PBXBuildFile; fileRef = C8DD4FDC2785C02C0099BB55 /* NavigationGuideView.swift */; };
		C8DD4FDF2785D63F0099BB55 /* ScorewindData.swift in Sources */ = {isa = PBXBuildFile; fileRef = C8DD4FDE2785D63F0099BB55 /* ScorewindData.swift */; };
		C8DD4FE1278694520099BB55 /* LessonVideoView.swift in Sources */ = {isa = PBXBuildFile; fileRef = C8DD4FE0278694520099BB55 /* LessonVideoView.swift */; };
		C8DD4FE3278695800099BB55 /* ScorewindCourse.swift in Sources */ = {isa = PBXBuildFile; fileRef = C8DD4FE2278695800099BB55 /* ScorewindCourse.swift */; };
		C8DD4FE5278695CC0099BB55 /* ScorewindLesson.swift in Sources */ = {isa = PBXBuildFile; fileRef = C8DD4FE4278695CC0099BB55 /* ScorewindLesson.swift */; };
/* End PBXBuildFile section */

/* Begin PBXFileReference section */
		C864FE1B2789440A0005E2F4 /* LessonScoreView.swift */ = {isa = PBXFileReference; lastKnownFileType = sourcecode.swift; path = LessonScoreView.swift; sourceTree = "<group>"; };
		C864FE1D278944560005E2F4 /* www */ = {isa = PBXFileReference; lastKnownFileType = folder; path = www; sourceTree = "<group>"; };
		C864FE1F278944C60005E2F4 /* ViewModel.swift */ = {isa = PBXFileReference; lastKnownFileType = sourcecode.swift; path = ViewModel.swift; sourceTree = "<group>"; };
		C864FE21278944F90005E2F4 /* WebView.swift */ = {isa = PBXFileReference; lastKnownFileType = sourcecode.swift; path = WebView.swift; sourceTree = "<group>"; };
		C864FE2527898DA60005E2F4 /* HTMLStringView.swift */ = {isa = PBXFileReference; lastKnownFileType = sourcecode.swift; path = HTMLStringView.swift; sourceTree = "<group>"; };
		C864FE2727898DD60005E2F4 /* LessonTextView.swift */ = {isa = PBXFileReference; lastKnownFileType = sourcecode.swift; path = LessonTextView.swift; sourceTree = "<group>"; };
		C8DD4FC92784822D0099BB55 /* SWScoreViewerSandbox.app */ = {isa = PBXFileReference; explicitFileType = wrapper.application; includeInIndex = 0; path = SWScoreViewerSandbox.app; sourceTree = BUILT_PRODUCTS_DIR; };
		C8DD4FCC2784822D0099BB55 /* SWScoreViewerSandboxApp.swift */ = {isa = PBXFileReference; lastKnownFileType = sourcecode.swift; path = SWScoreViewerSandboxApp.swift; sourceTree = "<group>"; };
		C8DD4FCE2784822D0099BB55 /* ContentView.swift */ = {isa = PBXFileReference; lastKnownFileType = sourcecode.swift; path = ContentView.swift; sourceTree = "<group>"; };
		C8DD4FD02784822E0099BB55 /* Assets.xcassets */ = {isa = PBXFileReference; lastKnownFileType = folder.assetcatalog; path = Assets.xcassets; sourceTree = "<group>"; };
		C8DD4FD32784822E0099BB55 /* Preview Assets.xcassets */ = {isa = PBXFileReference; lastKnownFileType = folder.assetcatalog; path = "Preview Assets.xcassets"; sourceTree = "<group>"; };
		C8DD4FDA2785BFD90099BB55 /* LessonView.swift */ = {isa = PBXFileReference; lastKnownFileType = sourcecode.swift; path = LessonView.swift; sourceTree = "<group>"; };
		C8DD4FDC2785C02C0099BB55 /* NavigationGuideView.swift */ = {isa = PBXFileReference; lastKnownFileType = sourcecode.swift; path = NavigationGuideView.swift; sourceTree = "<group>"; };
		C8DD4FDE2785D63F0099BB55 /* ScorewindData.swift */ = {isa = PBXFileReference; lastKnownFileType = sourcecode.swift; path = ScorewindData.swift; sourceTree = "<group>"; };
		C8DD4FE0278694520099BB55 /* LessonVideoView.swift */ = {isa = PBXFileReference; lastKnownFileType = sourcecode.swift; path = LessonVideoView.swift; sourceTree = "<group>"; };
		C8DD4FE2278695800099BB55 /* ScorewindCourse.swift */ = {isa = PBXFileReference; lastKnownFileType = sourcecode.swift; path = ScorewindCourse.swift; sourceTree = "<group>"; };
		C8DD4FE4278695CC0099BB55 /* ScorewindLesson.swift */ = {isa = PBXFileReference; lastKnownFileType = sourcecode.swift; path = ScorewindLesson.swift; sourceTree = "<group>"; };
/* End PBXFileReference section */

/* Begin PBXFrameworksBuildPhase section */
		C8DD4FC62784822D0099BB55 /* Frameworks */ = {
			isa = PBXFrameworksBuildPhase;
			buildActionMask = 2147483647;
			files = (
			);
			runOnlyForDeploymentPostprocessing = 0;
		};
/* End PBXFrameworksBuildPhase section */

/* Begin PBXGroup section */
		C8DD4FC02784822D0099BB55 = {
			isa = PBXGroup;
			children = (
				C8DD4FCB2784822D0099BB55 /* SWScoreViewerSandbox */,
				C8DD4FCA2784822D0099BB55 /* Products */,
			);
			sourceTree = "<group>";
		};
		C8DD4FCA2784822D0099BB55 /* Products */ = {
			isa = PBXGroup;
			children = (
				C8DD4FC92784822D0099BB55 /* SWScoreViewerSandbox.app */,
			);
			name = Products;
			sourceTree = "<group>";
		};
		C8DD4FCB2784822D0099BB55 /* SWScoreViewerSandbox */ = {
			isa = PBXGroup;
			children = (
				C864FE1D278944560005E2F4 /* www */,
				C8DD4FCC2784822D0099BB55 /* SWScoreViewerSandboxApp.swift */,
				C8DD4FD02784822E0099BB55 /* Assets.xcassets */,
				C8DD4FD22784822E0099BB55 /* Preview Content */,
				C8DD4FDC2785C02C0099BB55 /* NavigationGuideView.swift */,
				C8DD4FCE2784822D0099BB55 /* ContentView.swift */,
				C8DD4FDA2785BFD90099BB55 /* LessonView.swift */,
				C8DD4FE0278694520099BB55 /* LessonVideoView.swift */,
				C864FE1B2789440A0005E2F4 /* LessonScoreView.swift */,
				C864FE2727898DD60005E2F4 /* LessonTextView.swift */,
				C8DD4FDE2785D63F0099BB55 /* ScorewindData.swift */,
				C8DD4FE2278695800099BB55 /* ScorewindCourse.swift */,
				C8DD4FE4278695CC0099BB55 /* ScorewindLesson.swift */,
				C864FE1F278944C60005E2F4 /* ViewModel.swift */,
				C864FE21278944F90005E2F4 /* WebView.swift */,
				C864FE2527898DA60005E2F4 /* HTMLStringView.swift */,
			);
			path = SWScoreViewerSandbox;
			sourceTree = "<group>";
		};
		C8DD4FD22784822E0099BB55 /* Preview Content */ = {
			isa = PBXGroup;
			children = (
				C8DD4FD32784822E0099BB55 /* Preview Assets.xcassets */,
			);
			path = "Preview Content";
			sourceTree = "<group>";
		};
/* End PBXGroup section */

/* Begin PBXNativeTarget section */
		C8DD4FC82784822D0099BB55 /* SWScoreViewerSandbox */ = {
			isa = PBXNativeTarget;
			buildConfigurationList = C8DD4FD72784822E0099BB55 /* Build configuration list for PBXNativeTarget "SWScoreViewerSandbox" */;
			buildPhases = (
				C8DD4FC52784822D0099BB55 /* Sources */,
				C8DD4FC62784822D0099BB55 /* Frameworks */,
				C8DD4FC72784822D0099BB55 /* Resources */,
			);
			buildRules = (
			);
			dependencies = (
			);
			name = SWScoreViewerSandbox;
			productName = SWScoreViewerSandbox;
			productReference = C8DD4FC92784822D0099BB55 /* SWScoreViewerSandbox.app */;
			productType = "com.apple.product-type.application";
		};
/* End PBXNativeTarget section */

/* Begin PBXProject section */
		C8DD4FC12784822D0099BB55 /* Project object */ = {
			isa = PBXProject;
			attributes = {
				BuildIndependentTargetsInParallel = 1;
				LastSwiftUpdateCheck = 1320;
				LastUpgradeCheck = 1320;
				TargetAttributes = {
					C8DD4FC82784822D0099BB55 = {
						CreatedOnToolsVersion = 13.2.1;
					};
				};
			};
			buildConfigurationList = C8DD4FC42784822D0099BB55 /* Build configuration list for PBXProject "SWScoreViewerSandbox" */;
			compatibilityVersion = "Xcode 13.0";
			developmentRegion = en;
			hasScannedForEncodings = 0;
			knownRegions = (
				en,
				Base,
			);
			mainGroup = C8DD4FC02784822D0099BB55;
			productRefGroup = C8DD4FCA2784822D0099BB55 /* Products */;
			projectDirPath = "";
			projectRoot = "";
			targets = (
				C8DD4FC82784822D0099BB55 /* SWScoreViewerSandbox */,
			);
		};
/* End PBXProject section */

/* Begin PBXResourcesBuildPhase section */
		C8DD4FC72784822D0099BB55 /* Resources */ = {
			isa = PBXResourcesBuildPhase;
			buildActionMask = 2147483647;
			files = (
				C864FE1E278944560005E2F4 /* www in Resources */,
				C8DD4FD42784822E0099BB55 /* Preview Assets.xcassets in Resources */,
				C8DD4FD12784822E0099BB55 /* Assets.xcassets in Resources */,
			);
			runOnlyForDeploymentPostprocessing = 0;
		};
/* End PBXResourcesBuildPhase section */

/* Begin PBXSourcesBuildPhase section */
		C8DD4FC52784822D0099BB55 /* Sources */ = {
			isa = PBXSourcesBuildPhase;
			buildActionMask = 2147483647;
			files = (
				C864FE20278944C60005E2F4 /* ViewModel.swift in Sources */,
				C8DD4FCF2784822D0099BB55 /* ContentView.swift in Sources */,
				C864FE1C2789440A0005E2F4 /* LessonScoreView.swift in Sources */,
				C864FE2827898DD60005E2F4 /* LessonTextView.swift in Sources */,
				C8DD4FE3278695800099BB55 /* ScorewindCourse.swift in Sources */,
				C8DD4FE5278695CC0099BB55 /* ScorewindLesson.swift in Sources */,
				C8DD4FDF2785D63F0099BB55 /* ScorewindData.swift in Sources */,
				C8DD4FE1278694520099BB55 /* LessonVideoView.swift in Sources */,
				C864FE2627898DA60005E2F4 /* HTMLStringView.swift in Sources */,
				C8DD4FDD2785C02C0099BB55 /* NavigationGuideView.swift in Sources */,
				C8DD4FDB2785BFD90099BB55 /* LessonView.swift in Sources */,
				C8DD4FCD2784822D0099BB55 /* SWScoreViewerSandboxApp.swift in Sources */,
				C864FE22278944F90005E2F4 /* WebView.swift in Sources */,
			);
			runOnlyForDeploymentPostprocessing = 0;
		};
/* End PBXSourcesBuildPhase section */

/* Begin XCBuildConfiguration section */
		C8DD4FD52784822E0099BB55 /* Debug */ = {
			isa = XCBuildConfiguration;
			buildSettings = {
				ALWAYS_SEARCH_USER_PATHS = NO;
				CLANG_ANALYZER_NONNULL = YES;
				CLANG_ANALYZER_NUMBER_OBJECT_CONVERSION = YES_AGGRESSIVE;
				CLANG_CXX_LANGUAGE_STANDARD = "gnu++17";
				CLANG_CXX_LIBRARY = "libc++";
				CLANG_ENABLE_MODULES = YES;
				CLANG_ENABLE_OBJC_ARC = YES;
				CLANG_ENABLE_OBJC_WEAK = YES;
				CLANG_WARN_BLOCK_CAPTURE_AUTORELEASING = YES;
				CLANG_WARN_BOOL_CONVERSION = YES;
				CLANG_WARN_COMMA = YES;
				CLANG_WARN_CONSTANT_CONVERSION = YES;
				CLANG_WARN_DEPRECATED_OBJC_IMPLEMENTATIONS = YES;
				CLANG_WARN_DIRECT_OBJC_ISA_USAGE = YES_ERROR;
				CLANG_WARN_DOCUMENTATION_COMMENTS = YES;
				CLANG_WARN_EMPTY_BODY = YES;
				CLANG_WARN_ENUM_CONVERSION = YES;
				CLANG_WARN_INFINITE_RECURSION = YES;
				CLANG_WARN_INT_CONVERSION = YES;
				CLANG_WARN_NON_LITERAL_NULL_CONVERSION = YES;
				CLANG_WARN_OBJC_IMPLICIT_RETAIN_SELF = YES;
				CLANG_WARN_OBJC_LITERAL_CONVERSION = YES;
				CLANG_WARN_OBJC_ROOT_CLASS = YES_ERROR;
				CLANG_WARN_QUOTED_INCLUDE_IN_FRAMEWORK_HEADER = YES;
				CLANG_WARN_RANGE_LOOP_ANALYSIS = YES;
				CLANG_WARN_STRICT_PROTOTYPES = YES;
				CLANG_WARN_SUSPICIOUS_MOVE = YES;
				CLANG_WARN_UNGUARDED_AVAILABILITY = YES_AGGRESSIVE;
				CLANG_WARN_UNREACHABLE_CODE = YES;
				CLANG_WARN__DUPLICATE_METHOD_MATCH = YES;
				COPY_PHASE_STRIP = NO;
				DEBUG_INFORMATION_FORMAT = dwarf;
				ENABLE_STRICT_OBJC_MSGSEND = YES;
				ENABLE_TESTABILITY = YES;
				GCC_C_LANGUAGE_STANDARD = gnu11;
				GCC_DYNAMIC_NO_PIC = NO;
				GCC_NO_COMMON_BLOCKS = YES;
				GCC_OPTIMIZATION_LEVEL = 0;
				GCC_PREPROCESSOR_DEFINITIONS = (
					"DEBUG=1",
					"$(inherited)",
				);
				GCC_WARN_64_TO_32_BIT_CONVERSION = YES;
				GCC_WARN_ABOUT_RETURN_TYPE = YES_ERROR;
				GCC_WARN_UNDECLARED_SELECTOR = YES;
				GCC_WARN_UNINITIALIZED_AUTOS = YES_AGGRESSIVE;
				GCC_WARN_UNUSED_FUNCTION = YES;
				GCC_WARN_UNUSED_VARIABLE = YES;
				IPHONEOS_DEPLOYMENT_TARGET = 15.2;
				MTL_ENABLE_DEBUG_INFO = INCLUDE_SOURCE;
				MTL_FAST_MATH = YES;
				ONLY_ACTIVE_ARCH = YES;
				SDKROOT = iphoneos;
				SWIFT_ACTIVE_COMPILATION_CONDITIONS = DEBUG;
				SWIFT_OPTIMIZATION_LEVEL = "-Onone";
			};
			name = Debug;
		};
		C8DD4FD62784822E0099BB55 /* Release */ = {
			isa = XCBuildConfiguration;
			buildSettings = {
				ALWAYS_SEARCH_USER_PATHS = NO;
				CLANG_ANALYZER_NONNULL = YES;
				CLANG_ANALYZER_NUMBER_OBJECT_CONVERSION = YES_AGGRESSIVE;
				CLANG_CXX_LANGUAGE_STANDARD = "gnu++17";
				CLANG_CXX_LIBRARY = "libc++";
				CLANG_ENABLE_MODULES = YES;
				CLANG_ENABLE_OBJC_ARC = YES;
				CLANG_ENABLE_OBJC_WEAK = YES;
				CLANG_WARN_BLOCK_CAPTURE_AUTORELEASING = YES;
				CLANG_WARN_BOOL_CONVERSION = YES;
				CLANG_WARN_COMMA = YES;
				CLANG_WARN_CONSTANT_CONVERSION = YES;
				CLANG_WARN_DEPRECATED_OBJC_IMPLEMENTATIONS = YES;
				CLANG_WARN_DIRECT_OBJC_ISA_USAGE = YES_ERROR;
				CLANG_WARN_DOCUMENTATION_COMMENTS = YES;
				CLANG_WARN_EMPTY_BODY = YES;
				CLANG_WARN_ENUM_CONVERSION = YES;
				CLANG_WARN_INFINITE_RECURSION = YES;
				CLANG_WARN_INT_CONVERSION = YES;
				CLANG_WARN_NON_LITERAL_NULL_CONVERSION = YES;
				CLANG_WARN_OBJC_IMPLICIT_RETAIN_SELF = YES;
				CLANG_WARN_OBJC_LITERAL_CONVERSION = YES;
				CLANG_WARN_OBJC_ROOT_CLASS = YES_ERROR;
				CLANG_WARN_QUOTED_INCLUDE_IN_FRAMEWORK_HEADER = YES;
				CLANG_WARN_RANGE_LOOP_ANALYSIS = YES;
				CLANG_WARN_STRICT_PROTOTYPES = YES;
				CLANG_WARN_SUSPICIOUS_MOVE = YES;
				CLANG_WARN_UNGUARDED_AVAILABILITY = YES_AGGRESSIVE;
				CLANG_WARN_UNREACHABLE_CODE = YES;
				CLANG_WARN__DUPLICATE_METHOD_MATCH = YES;
				COPY_PHASE_STRIP = NO;
				DEBUG_INFORMATION_FORMAT = "dwarf-with-dsym";
				ENABLE_NS_ASSERTIONS = NO;
				ENABLE_STRICT_OBJC_MSGSEND = YES;
				GCC_C_LANGUAGE_STANDARD = gnu11;
				GCC_NO_COMMON_BLOCKS = YES;
				GCC_WARN_64_TO_32_BIT_CONVERSION = YES;
				GCC_WARN_ABOUT_RETURN_TYPE = YES_ERROR;
				GCC_WARN_UNDECLARED_SELECTOR = YES;
				GCC_WARN_UNINITIALIZED_AUTOS = YES_AGGRESSIVE;
				GCC_WARN_UNUSED_FUNCTION = YES;
				GCC_WARN_UNUSED_VARIABLE = YES;
				IPHONEOS_DEPLOYMENT_TARGET = 15.2;
				MTL_ENABLE_DEBUG_INFO = NO;
				MTL_FAST_MATH = YES;
				SDKROOT = iphoneos;
				SWIFT_COMPILATION_MODE = wholemodule;
				SWIFT_OPTIMIZATION_LEVEL = "-O";
				VALIDATE_PRODUCT = YES;
			};
			name = Release;
		};
		C8DD4FD82784822E0099BB55 /* Debug */ = {
			isa = XCBuildConfiguration;
			buildSettings = {
				ASSETCATALOG_COMPILER_APPICON_NAME = AppIcon;
				ASSETCATALOG_COMPILER_GLOBAL_ACCENT_COLOR_NAME = AccentColor;
				CODE_SIGN_STYLE = Automatic;
				CURRENT_PROJECT_VERSION = 1;
				DEVELOPMENT_ASSET_PATHS = "\"SWScoreViewerSandbox/Preview Content\"";
				DEVELOPMENT_TEAM = 23BXR5AUUB;
				ENABLE_PREVIEWS = YES;
				GENERATE_INFOPLIST_FILE = YES;
				INFOPLIST_KEY_UIApplicationSceneManifest_Generation = YES;
				INFOPLIST_KEY_UIApplicationSupportsIndirectInputEvents = YES;
				INFOPLIST_KEY_UILaunchScreen_Generation = YES;
				INFOPLIST_KEY_UISupportedInterfaceOrientations_iPad = "UIInterfaceOrientationPortrait UIInterfaceOrientationPortraitUpsideDown UIInterfaceOrientationLandscapeLeft UIInterfaceOrientationLandscapeRight";
				INFOPLIST_KEY_UISupportedInterfaceOrientations_iPhone = "UIInterfaceOrientationPortrait UIInterfaceOrientationLandscapeLeft UIInterfaceOrientationLandscapeRight";
				LD_RUNPATH_SEARCH_PATHS = (
					"$(inherited)",
					"@executable_path/Frameworks",
				);
				MARKETING_VERSION = 1.0;
				PRODUCT_BUNDLE_IDENTIFIER = tw.elosoft.SWScoreViewerSandbox;
				PRODUCT_NAME = "$(TARGET_NAME)";
				SWIFT_EMIT_LOC_STRINGS = YES;
				SWIFT_VERSION = 5.0;
				TARGETED_DEVICE_FAMILY = "1,2";
			};
			name = Debug;
		};
		C8DD4FD92784822E0099BB55 /* Release */ = {
			isa = XCBuildConfiguration;
			buildSettings = {
				ASSETCATALOG_COMPILER_APPICON_NAME = AppIcon;
				ASSETCATALOG_COMPILER_GLOBAL_ACCENT_COLOR_NAME = AccentColor;
				CODE_SIGN_STYLE = Automatic;
				CURRENT_PROJECT_VERSION = 1;
				DEVELOPMENT_ASSET_PATHS = "\"SWScoreViewerSandbox/Preview Content\"";
				DEVELOPMENT_TEAM = 23BXR5AUUB;
				ENABLE_PREVIEWS = YES;
				GENERATE_INFOPLIST_FILE = YES;
				INFOPLIST_KEY_UIApplicationSceneManifest_Generation = YES;
				INFOPLIST_KEY_UIApplicationSupportsIndirectInputEvents = YES;
				INFOPLIST_KEY_UILaunchScreen_Generation = YES;
				INFOPLIST_KEY_UISupportedInterfaceOrientations_iPad = "UIInterfaceOrientationPortrait UIInterfaceOrientationPortraitUpsideDown UIInterfaceOrientationLandscapeLeft UIInterfaceOrientationLandscapeRight";
				INFOPLIST_KEY_UISupportedInterfaceOrientations_iPhone = "UIInterfaceOrientationPortrait UIInterfaceOrientationLandscapeLeft UIInterfaceOrientationLandscapeRight";
				LD_RUNPATH_SEARCH_PATHS = (
					"$(inherited)",
					"@executable_path/Frameworks",
				);
				MARKETING_VERSION = 1.0;
				PRODUCT_BUNDLE_IDENTIFIER = tw.elosoft.SWScoreViewerSandbox;
				PRODUCT_NAME = "$(TARGET_NAME)";
				SWIFT_EMIT_LOC_STRINGS = YES;
				SWIFT_VERSION = 5.0;
				TARGETED_DEVICE_FAMILY = "1,2";
			};
			name = Release;
		};
/* End XCBuildConfiguration section */

/* Begin XCConfigurationList section */
		C8DD4FC42784822D0099BB55 /* Build configuration list for PBXProject "SWScoreViewerSandbox" */ = {
			isa = XCConfigurationList;
			buildConfigurations = (
				C8DD4FD52784822E0099BB55 /* Debug */,
				C8DD4FD62784822E0099BB55 /* Release */,
			);
			defaultConfigurationIsVisible = 0;
			defaultConfigurationName = Release;
		};
		C8DD4FD72784822E0099BB55 /* Build configuration list for PBXNativeTarget "SWScoreViewerSandbox" */ = {
			isa = XCConfigurationList;
			buildConfigurations = (
				C8DD4FD82784822E0099BB55 /* Debug */,
				C8DD4FD92784822E0099BB55 /* Release */,
			);
			defaultConfigurationIsVisible = 0;
			defaultConfigurationName = Release;
		};
/* End XCConfigurationList section */
	};
	rootObject = C8DD4FC12784822D0099BB55 /* Project object */;
}
